
Microsoft Visual Studio Solution File, Format Version 12.00
# Visual Studio 15
VisualStudioVersion = 15.0.28010.2036
MinimumVisualStudioVersion = 10.0.40219.1
Project("{8BC9CEB8-8B4A-11D0-8D11-00A0C91BC942}") = "classChildChecker", "classChildChecker\classChildChecker.vcxproj", "{8B39F006-23FD-4858-83A5-CC53D866EF12}"
EndProject
Global
	GlobalSection(SolutionConfigurationPlatforms) = preSolution
		Debug|x64 = Debug|x64
		Debug|x86 = Debug|x86
		Release|x64 = Release|x64
		Release|x86 = Release|x86
	EndGlobalSection
	GlobalSection(ProjectConfigurationPlatforms) = postSolution
		{8B39F006-23FD-4858-83A5-CC53D866EF12}.Debug|x64.ActiveCfg = Debug|x64
		{8B39F006-23FD-4858-83A5-CC53D866EF12}.Debug|x64.Build.0 = Debug|x64
		{8B39F006-23FD-4858-83A5-CC53D866EF12}.Debug|x86.ActiveCfg = Debug|Win32
		{8B39F006-23FD-4858-83A5-CC53D866EF12}.Debug|x86.Build.0 = Debug|Win32
		{8B39F006-23FD-4858-83A5-CC53D866EF12}.Release|x64.ActiveCfg = Release|x64
		{8B39F006-23FD-4858-83A5-CC53D866EF12}.Release|x64.Build.0 = Release|x64
		{8B39F006-23FD-4858-83A5-CC53D866EF12}.Release|x86.ActiveCfg = Release|Win32
		{8B39F006-23FD-4858-83A5-CC53D866EF12}.Release|x86.Build.0 = Release|Win32
	EndGlobalSection
	GlobalSection(SolutionProperties) = preSolution
		HideSolutionNode = FALSE
	EndGlobalSection
	GlobalSection(ExtensibilityGlobals) = postSolution
		SolutionGuid = {97BBB86F-6113-4BE4-B6DB-45E8002C4F98}
	EndGlobalSection
EndGlobal
